lockfileVersion: '9.0'

settings:
  autoInstallPeers: true
  excludeLinksFromLockfile: false

importers:

  .:
    dependencies:
      '@imagekit/javascript':
        specifier: ^5.1.0
        version: 5.1.0

packages:

  '@imagekit/javascript@5.1.0':
    resolution: {integrity: sha512-P12NaxlO6Qu4GROFagX9qgP5kKde236mCu5jJB1cWJ6mPaVdjyk0Mw3ciGIWdKXST/jP1cFqS2ZoBVRSq1SWow==}

snapshots:

  '@imagekit/javascript@5.1.0': {}
